
Microsoft Visual Studio Solution File, Format Version 12.00
# Visual Studio Version 16
VisualStudioVersion = 25.0.1703.8
MinimumVisualStudioVersion = 10.0.40219.1
Project("{FAE04EC0-301F-11D3-BF4B-00C04F79EFBC}") = "TensorFlowLiteTaskAudio", "TensorFlowLiteTaskAudio\TensorFlowLiteTaskAudio.csproj", "{AA88C192-A5CE-44E7-B948-00AE9F7D2587}"
EndProject
Project("{FAE04EC0-301F-11D3-BF4B-00C04F79EFBC}") = "TensorFlowLiteTaskText", "TensorFlowLiteTaskText\TensorFlowLiteTaskText.csproj", "{ECDBF0B6-E275-4E67-B06D-9B946061030B}"
EndProject
Project("{FAE04EC0-301F-11D3-BF4B-00C04F79EFBC}") = "TensorFlowLiteTaskVision", "TensorFlowLiteTaskVision\TensorFlowLiteTaskVision.csproj", "{ADF50CFE-E601-4DCD-B157-A877C18E1F26}"
EndProject
Project("{FAE04EC0-301F-11D3-BF4B-00C04F79EFBC}") = "TensorFlowLite", "TensorFlowLite\TensorFlowLite.csproj", "{87E8C9C2-13E1-4287-B12A-AD85B586BF31}"
EndProject
Project("{FAE04EC0-301F-11D3-BF4B-00C04F79EFBC}") = "TensorFlowLiteSelectTfOps", "TensorFlowLiteSelectTfOps\TensorFlowLiteSelectTfOps.csproj", "{A1911184-0AE8-4407-877E-D4544F0FA602}"
EndProject
Global
	GlobalSection(SolutionConfigurationPlatforms) = preSolution
		Debug|Any CPU = Debug|Any CPU
		Release|Any CPU = Release|Any CPU
	EndGlobalSection
	GlobalSection(ProjectConfigurationPlatforms) = postSolution
		{AA88C192-A5CE-44E7-B948-00AE9F7D2587}.Debug|Any CPU.ActiveCfg = Debug|Any CPU
		{AA88C192-A5CE-44E7-B948-00AE9F7D2587}.Debug|Any CPU.Build.0 = Debug|Any CPU
		{AA88C192-A5CE-44E7-B948-00AE9F7D2587}.Release|Any CPU.ActiveCfg = Release|Any CPU
		{AA88C192-A5CE-44E7-B948-00AE9F7D2587}.Release|Any CPU.Build.0 = Release|Any CPU
		{ECDBF0B6-E275-4E67-B06D-9B946061030B}.Debug|Any CPU.ActiveCfg = Debug|Any CPU
		{ECDBF0B6-E275-4E67-B06D-9B946061030B}.Debug|Any CPU.Build.0 = Debug|Any CPU
		{ECDBF0B6-E275-4E67-B06D-9B946061030B}.Release|Any CPU.ActiveCfg = Release|Any CPU
		{ECDBF0B6-E275-4E67-B06D-9B946061030B}.Release|Any CPU.Build.0 = Release|Any CPU
		{ADF50CFE-E601-4DCD-B157-A877C18E1F26}.Debug|Any CPU.ActiveCfg = Debug|Any CPU
		{ADF50CFE-E601-4DCD-B157-A877C18E1F26}.Debug|Any CPU.Build.0 = Debug|Any CPU
		{ADF50CFE-E601-4DCD-B157-A877C18E1F26}.Release|Any CPU.ActiveCfg = Release|Any CPU
		{ADF50CFE-E601-4DCD-B157-A877C18E1F26}.Release|Any CPU.Build.0 = Release|Any CPU
		{87E8C9C2-13E1-4287-B12A-AD85B586BF31}.Debug|Any CPU.ActiveCfg = Debug|Any CPU
		{87E8C9C2-13E1-4287-B12A-AD85B586BF31}.Debug|Any CPU.Build.0 = Debug|Any CPU
		{87E8C9C2-13E1-4287-B12A-AD85B586BF31}.Release|Any CPU.ActiveCfg = Release|Any CPU
		{87E8C9C2-13E1-4287-B12A-AD85B586BF31}.Release|Any CPU.Build.0 = Release|Any CPU
		{A1911184-0AE8-4407-877E-D4544F0FA602}.Debug|Any CPU.ActiveCfg = Debug|Any CPU
		{A1911184-0AE8-4407-877E-D4544F0FA602}.Debug|Any CPU.Build.0 = Debug|Any CPU
		{A1911184-0AE8-4407-877E-D4544F0FA602}.Release|Any CPU.ActiveCfg = Release|Any CPU
		{A1911184-0AE8-4407-877E-D4544F0FA602}.Release|Any CPU.Build.0 = Release|Any CPU
	EndGlobalSection
	GlobalSection(SolutionProperties) = preSolution
		HideSolutionNode = FALSE
	EndGlobalSection
	GlobalSection(ExtensibilityGlobals) = postSolution
		SolutionGuid = {82C2E592-4038-4EDB-9656-299FFFBDF33B}
	EndGlobalSection
EndGlobal
