
Microsoft Visual Studio Solution File, Format Version 12.00
# Visual Studio Version 16
VisualStudioVersion = 16.0.808.4
MinimumVisualStudioVersion = 10.0.40219.1
Project("{FAE04EC0-301F-11D3-BF4B-00C04F79EFBC}") = "Xamarin.TensorFlow.Lite.Support", "Xamarin.TensorFlow.Lite.Support\Xamarin.TensorFlow.Lite.Support.csproj", "{65CE2751-4545-4FA9-89ED-5E82846972A0}"
EndProject
Project("{FAE04EC0-301F-11D3-BF4B-00C04F79EFBC}") = "Xamarin.TensorFlow.Lite.Support.Metadata", "Xamarin.TensorFlow.Lite.Support.Metadata\Xamarin.TensorFlow.Lite.Support.Metadata.csproj", "{D715F23E-FD2D-492D-A4E7-212B5F1CCA50}"
EndProject
Project("{FAE04EC0-301F-11D3-BF4B-00C04F79EFBC}") = "Xamarin.Google.FlatBuffers", "Xamarin.Google.FlatBuffers\Xamarin.Google.FlatBuffers.csproj", "{830A3C89-E456-4443-8263-EC31777CA79A}"
EndProject
Global
	GlobalSection(SolutionConfigurationPlatforms) = preSolution
		Debug|Any CPU = Debug|Any CPU
		Release|Any CPU = Release|Any CPU
	EndGlobalSection
	GlobalSection(ProjectConfigurationPlatforms) = postSolution
		{65CE2751-4545-4FA9-89ED-5E82846972A0}.Debug|Any CPU.ActiveCfg = Debug|Any CPU
		{65CE2751-4545-4FA9-89ED-5E82846972A0}.Debug|Any CPU.Build.0 = Debug|Any CPU
		{65CE2751-4545-4FA9-89ED-5E82846972A0}.Release|Any CPU.ActiveCfg = Release|Any CPU
		{65CE2751-4545-4FA9-89ED-5E82846972A0}.Release|Any CPU.Build.0 = Release|Any CPU
		{D715F23E-FD2D-492D-A4E7-212B5F1CCA50}.Debug|Any CPU.ActiveCfg = Debug|Any CPU
		{D715F23E-FD2D-492D-A4E7-212B5F1CCA50}.Debug|Any CPU.Build.0 = Debug|Any CPU
		{D715F23E-FD2D-492D-A4E7-212B5F1CCA50}.Release|Any CPU.ActiveCfg = Release|Any CPU
		{D715F23E-FD2D-492D-A4E7-212B5F1CCA50}.Release|Any CPU.Build.0 = Release|Any CPU
		{830A3C89-E456-4443-8263-EC31777CA79A}.Debug|Any CPU.ActiveCfg = Debug|Any CPU
		{830A3C89-E456-4443-8263-EC31777CA79A}.Debug|Any CPU.Build.0 = Debug|Any CPU
		{830A3C89-E456-4443-8263-EC31777CA79A}.Release|Any CPU.ActiveCfg = Release|Any CPU
		{830A3C89-E456-4443-8263-EC31777CA79A}.Release|Any CPU.Build.0 = Release|Any CPU
	EndGlobalSection
	GlobalSection(SolutionProperties) = preSolution
		HideSolutionNode = FALSE
	EndGlobalSection
	GlobalSection(ExtensibilityGlobals) = postSolution
		SolutionGuid = {FDE8BF42-5527-4497-B610-C9E178DA7D2E}
	EndGlobalSection
EndGlobal
