
Microsoft Visual Studio Solution File, Format Version 12.00
# Visual Studio Version 16
VisualStudioVersion = 25.0.1703.8
MinimumVisualStudioVersion = 10.0.40219.1
Project("{FAE04EC0-301F-11D3-BF4B-00C04F79EFBC}") = "Xamarin.iOS.TensorFlow.Lite.Task.Vision", "Xamarin.iOS.TensorFlow.Lite.Task.Vision.csproj", "{ADF50CFE-E601-4DCD-B157-A877C18E1F26}"
EndProject
Global
	GlobalSection(SolutionConfigurationPlatforms) = preSolution
		Debug|Any CPU = Debug|Any CPU
		Release|Any CPU = Release|Any CPU
	EndGlobalSection
	GlobalSection(ProjectConfigurationPlatforms) = postSolution
		{ADF50CFE-E601-4DCD-B157-A877C18E1F26}.Debug|Any CPU.ActiveCfg = Debug|Any CPU
		{ADF50CFE-E601-4DCD-B157-A877C18E1F26}.Debug|Any CPU.Build.0 = Debug|Any CPU
		{ADF50CFE-E601-4DCD-B157-A877C18E1F26}.Release|Any CPU.ActiveCfg = Release|Any CPU
		{ADF50CFE-E601-4DCD-B157-A877C18E1F26}.Release|Any CPU.Build.0 = Release|Any CPU
	EndGlobalSection
	GlobalSection(SolutionProperties) = preSolution
		HideSolutionNode = FALSE
	EndGlobalSection
	GlobalSection(ExtensibilityGlobals) = postSolution
		SolutionGuid = {C9E407F7-B54A-4132-8EDD-ABC0937E45B5}
	EndGlobalSection
EndGlobal
